
Microsoft Visual Studio Solution File, Format Version 12.00
# Visual Studio Version 16
VisualStudioVersion = 16.0.31911.196
MinimumVisualStudioVersion = 10.0.40219.1
Project("{9A19103F-16F7-4668-BE54-9A1E7A4F7556}") = "01", "01\01.csproj", "{F4B35FFA-AC6F-4475-AA95-60184DB47D20}"
EndProject
Project("{9A19103F-16F7-4668-BE54-9A1E7A4F7556}") = "02", "02\02.csproj", "{646FCBA9-7E16-492C-B510-B5764C724AC5}"
EndProject
Project("{9A19103F-16F7-4668-BE54-9A1E7A4F7556}") = "03", "03\03.csproj", "{FFBB1378-7DAD-401D-B569-A6FD6495838E}"
EndProject
Project("{9A19103F-16F7-4668-BE54-9A1E7A4F7556}") = "04", "04\04.csproj", "{A82E9D20-DAC7-4861-8719-6859F699015F}"
EndProject
Project("{9A19103F-16F7-4668-BE54-9A1E7A4F7556}") = "05", "05\05.csproj", "{25C0A918-5406-4F78-9083-61675921744C}"
EndProject
Project("{9A19103F-16F7-4668-BE54-9A1E7A4F7556}") = "06", "06\06.csproj", "{396E8CC3-2D0A-4568-843A-59DEFEC29CF0}"
EndProject
Project("{9A19103F-16F7-4668-BE54-9A1E7A4F7556}") = "07", "07\07.csproj", "{B4280E74-949E-438D-8548-7CD99E848DBC}"
EndProject
Project("{9A19103F-16F7-4668-BE54-9A1E7A4F7556}") = "08", "08\08.csproj", "{04FB0417-D544-4834-BD00-7D9FC70B1D4B}"
EndProject
Global
	GlobalSection(SolutionConfigurationPlatforms) = preSolution
		Debug|Any CPU = Debug|Any CPU
		Release|Any CPU = Release|Any CPU
	EndGlobalSection
	GlobalSection(ProjectConfigurationPlatforms) = postSolution
		{F4B35FFA-AC6F-4475-AA95-60184DB47D20}.Debug|Any CPU.ActiveCfg = Debug|Any CPU
		{F4B35FFA-AC6F-4475-AA95-60184DB47D20}.Debug|Any CPU.Build.0 = Debug|Any CPU
		{F4B35FFA-AC6F-4475-AA95-60184DB47D20}.Release|Any CPU.ActiveCfg = Release|Any CPU
		{F4B35FFA-AC6F-4475-AA95-60184DB47D20}.Release|Any CPU.Build.0 = Release|Any CPU
		{646FCBA9-7E16-492C-B510-B5764C724AC5}.Debug|Any CPU.ActiveCfg = Debug|Any CPU
		{646FCBA9-7E16-492C-B510-B5764C724AC5}.Debug|Any CPU.Build.0 = Debug|Any CPU
		{646FCBA9-7E16-492C-B510-B5764C724AC5}.Release|Any CPU.ActiveCfg = Release|Any CPU
		{646FCBA9-7E16-492C-B510-B5764C724AC5}.Release|Any CPU.Build.0 = Release|Any CPU
		{FFBB1378-7DAD-401D-B569-A6FD6495838E}.Debug|Any CPU.ActiveCfg = Debug|Any CPU
		{FFBB1378-7DAD-401D-B569-A6FD6495838E}.Debug|Any CPU.Build.0 = Debug|Any CPU
		{FFBB1378-7DAD-401D-B569-A6FD6495838E}.Release|Any CPU.ActiveCfg = Release|Any CPU
		{FFBB1378-7DAD-401D-B569-A6FD6495838E}.Release|Any CPU.Build.0 = Release|Any CPU
		{A82E9D20-DAC7-4861-8719-6859F699015F}.Debug|Any CPU.ActiveCfg = Debug|Any CPU
		{A82E9D20-DAC7-4861-8719-6859F699015F}.Debug|Any CPU.Build.0 = Debug|Any CPU
		{A82E9D20-DAC7-4861-8719-6859F699015F}.Release|Any CPU.ActiveCfg = Release|Any CPU
		{A82E9D20-DAC7-4861-8719-6859F699015F}.Release|Any CPU.Build.0 = Release|Any CPU
		{25C0A918-5406-4F78-9083-61675921744C}.Debug|Any CPU.ActiveCfg = Debug|Any CPU
		{25C0A918-5406-4F78-9083-61675921744C}.Debug|Any CPU.Build.0 = Debug|Any CPU
		{25C0A918-5406-4F78-9083-61675921744C}.Release|Any CPU.ActiveCfg = Release|Any CPU
		{25C0A918-5406-4F78-9083-61675921744C}.Release|Any CPU.Build.0 = Release|Any CPU
		{396E8CC3-2D0A-4568-843A-59DEFEC29CF0}.Debug|Any CPU.ActiveCfg = Debug|Any CPU
		{396E8CC3-2D0A-4568-843A-59DEFEC29CF0}.Debug|Any CPU.Build.0 = Debug|Any CPU
		{396E8CC3-2D0A-4568-843A-59DEFEC29CF0}.Release|Any CPU.ActiveCfg = Release|Any CPU
		{396E8CC3-2D0A-4568-843A-59DEFEC29CF0}.Release|Any CPU.Build.0 = Release|Any CPU
		{B4280E74-949E-438D-8548-7CD99E848DBC}.Debug|Any CPU.ActiveCfg = Debug|Any CPU
		{B4280E74-949E-438D-8548-7CD99E848DBC}.Debug|Any CPU.Build.0 = Debug|Any CPU
		{B4280E74-949E-438D-8548-7CD99E848DBC}.Release|Any CPU.ActiveCfg = Release|Any CPU
		{B4280E74-949E-438D-8548-7CD99E848DBC}.Release|Any CPU.Build.0 = Release|Any CPU
		{04FB0417-D544-4834-BD00-7D9FC70B1D4B}.Debug|Any CPU.ActiveCfg = Debug|Any CPU
		{04FB0417-D544-4834-BD00-7D9FC70B1D4B}.Debug|Any CPU.Build.0 = Debug|Any CPU
		{04FB0417-D544-4834-BD00-7D9FC70B1D4B}.Release|Any CPU.ActiveCfg = Release|Any CPU
		{04FB0417-D544-4834-BD00-7D9FC70B1D4B}.Release|Any CPU.Build.0 = Release|Any CPU
	EndGlobalSection
	GlobalSection(SolutionProperties) = preSolution
		HideSolutionNode = FALSE
	EndGlobalSection
	GlobalSection(ExtensibilityGlobals) = postSolution
		SolutionGuid = {52664A13-4D9A-4EC1-B1E1-B1CB76A22B8B}
	EndGlobalSection
EndGlobal
